
Microsoft Visual Studio Solution File, Format Version 12.00
# Visual Studio Version 17
VisualStudioVersion = 17.5.33424.131
MinimumVisualStudioVersion = 10.0.40219.1
Project("{6EC3EE1D-3C4E-46DD-8F32-0CC8E7565705}") = "Core", "Core\Core.fsproj", "{EAF6A604-854E-4232-87C7-D0F027C63078}"
EndProject
Project("{6EC3EE1D-3C4E-46DD-8F32-0CC8E7565705}") = "Tests", "Tests\Tests.fsproj", "{1F1C0E4F-C61A-40D7-852C-8D0B39DE79B4}"
EndProject
Project("{6EC3EE1D-3C4E-46DD-8F32-0CC8E7565705}") = "Cmdlets", "Cmdlets\Cmdlets.fsproj", "{5ED05E35-F098-4E19-BA56-1F9F7B024042}"
EndProject
Project("{2150E333-8FDC-42A3-9474-1A3956D46DE8}") = "Projektmappenelemente", "Projektmappenelemente", "{D1AB40AC-F049-4216-816E-D702E64B5099}"
	ProjectSection(SolutionItems) = preProject
		Directory.Build.props = Directory.Build.props
	EndProjectSection
EndProject
Global
	GlobalSection(SolutionConfigurationPlatforms) = preSolution
		Debug|Any CPU = Debug|Any CPU
		Release|Any CPU = Release|Any CPU
	EndGlobalSection
	GlobalSection(ProjectConfigurationPlatforms) = postSolution
		{EAF6A604-854E-4232-87C7-D0F027C63078}.Debug|Any CPU.ActiveCfg = Debug|Any CPU
		{EAF6A604-854E-4232-87C7-D0F027C63078}.Debug|Any CPU.Build.0 = Debug|Any CPU
		{EAF6A604-854E-4232-87C7-D0F027C63078}.Release|Any CPU.ActiveCfg = Release|Any CPU
		{EAF6A604-854E-4232-87C7-D0F027C63078}.Release|Any CPU.Build.0 = Release|Any CPU
		{1F1C0E4F-C61A-40D7-852C-8D0B39DE79B4}.Debug|Any CPU.ActiveCfg = Debug|Any CPU
		{1F1C0E4F-C61A-40D7-852C-8D0B39DE79B4}.Debug|Any CPU.Build.0 = Debug|Any CPU
		{1F1C0E4F-C61A-40D7-852C-8D0B39DE79B4}.Release|Any CPU.ActiveCfg = Release|Any CPU
		{1F1C0E4F-C61A-40D7-852C-8D0B39DE79B4}.Release|Any CPU.Build.0 = Release|Any CPU
		{5ED05E35-F098-4E19-BA56-1F9F7B024042}.Debug|Any CPU.ActiveCfg = Debug|Any CPU
		{5ED05E35-F098-4E19-BA56-1F9F7B024042}.Debug|Any CPU.Build.0 = Debug|Any CPU
		{5ED05E35-F098-4E19-BA56-1F9F7B024042}.Release|Any CPU.ActiveCfg = Release|Any CPU
		{5ED05E35-F098-4E19-BA56-1F9F7B024042}.Release|Any CPU.Build.0 = Release|Any CPU
	EndGlobalSection
	GlobalSection(SolutionProperties) = preSolution
		HideSolutionNode = FALSE
	EndGlobalSection
	GlobalSection(ExtensibilityGlobals) = postSolution
		SolutionGuid = {62554032-EAAC-48CA-A236-5778A962FF0F}
	EndGlobalSection
EndGlobal
